// !$*UTF8*$!
{
	archiveVersion = 1;
	classes = {
	};
	objectVersion = 48;
	objects = {

/* Begin PBXBuildFile section */
		315AE9D5205CB5E000F99E4B /* AppDelegate.swift in Sources */ = {isa = PBXBuildFile; fileRef = 315AE9D4205CB5E000F99E4B /* AppDelegate.swift */; };
		315AE9D7205CB5E000F99E4B /* ViewController.swift in Sources */ = {isa = PBXBuildFile; fileRef = 315AE9D6205CB5E000F99E4B /* ViewController.swift */; };
		315AE9DA205CB5E000F99E4B /* Main.storyboard in Resources */ = {isa = PBXBuildFile; fileRef = 315AE9D8205CB5E000F99E4B /* Main.storyboard */; };
		315AE9DC205CB5E000F99E4B /* Assets.xcassets in Resources */ = {isa = PBXBuildFile; fileRef = 315AE9DB205CB5E000F99E4B /* Assets.xcassets */; };
		315AE9DF205CB5E000F99E4B /* LaunchScreen.storyboard in Resources */ = {isa = PBXBuildFile; fileRef = 315AE9DD205CB5E000F99E4B /* LaunchScreen.storyboard */; };
		31F4BD50206640B200DFB0DD /* TrueLoveViewController.swift in Sources */ = {isa = PBXBuildFile; fileRef = 31F4BD4F206640B200DFB0DD /* TrueLoveViewController.swift */; };
/* End PBXBuildFile section */

/* Begin PBXFileReference section */
		315AE9D1205CB5E000F99E4B /* xcodeapp02.app */ = {isa = PBXFileReference; explicitFileType = wrapper.application; includeInIndex = 0; path = xcodeapp02.app; sourceTree = BUILT_PRODUCTS_DIR; };
		315AE9D4205CB5E000F99E4B /* AppDelegate.swift */ = {isa = PBXFileReference; lastKnownFileType = sourcecode.swift; path = AppDelegate.swift; sourceTree = "<group>"; };
		315AE9D6205CB5E000F99E4B /* ViewController.swift */ = {isa = PBXFileReference; lastKnownFileType = sourcecode.swift; path = ViewController.swift; sourceTree = "<group>"; };
		315AE9D9205CB5E000F99E4B /* Base */ = {isa = PBXFileReference; lastKnownFileType = file.storyboard; name = Base; path = Base.lproj/Main.storyboard; sourceTree = "<group>"; };
		315AE9DB205CB5E000F99E4B /* Assets.xcassets */ = {isa = PBXFileReference; lastKnownFileType = folder.assetcatalog; path = Assets.xcassets; sourceTree = "<group>"; };
		315AE9DE205CB5E000F99E4B /* Base */ = {isa = PBXFileReference; lastKnownFileType = file.storyboard; name = Base; path = Base.lproj/LaunchScreen.storyboard; sourceTree = "<group>"; };
		315AE9E0205CB5E000F99E4B /* Info.plist */ = {isa = PBXFileReference; lastKnownFileType = text.plist.xml; path = Info.plist; sourceTree = "<group>"; };
		31F4BD4F206640B200DFB0DD /* TrueLoveViewController.swift */ = {isa = PBXFileReference; lastKnownFileType = sourcecode.swift; path = TrueLoveViewController.swift; sourceTree = "<group>"; };
/* End PBXFileReference section */

/* Begin PBXFrameworksBuildPhase section */
		315AE9CE205CB5E000F99E4B /* Frameworks */ = {
			isa = PBXFrameworksBuildPhase;
			buildActionMask = 2147483647;
			files = (
			);
			runOnlyForDeploymentPostprocessing = 0;
		};
/* End PBXFrameworksBuildPhase section */

/* Begin PBXGroup section */
		315AE9C8205CB5E000F99E4B = {
			isa = PBXGroup;
			children = (
				315AE9D3205CB5E000F99E4B /* xcodeapp02 */,
				315AE9D2205CB5E000F99E4B /* Products */,
			);
			sourceTree = "<group>";
		};
		315AE9D2205CB5E000F99E4B /* Products */ = {
			isa = PBXGroup;
			children = (
				315AE9D1205CB5E000F99E4B /* xcodeapp02.app */,
			);
			name = Products;
			sourceTree = "<group>";
		};
		315AE9D3205CB5E000F99E4B /* xcodeapp02 */ = {
			isa = PBXGroup;
			children = (
				315AE9D4205CB5E000F99E4B /* AppDelegate.swift */,
				315AE9D6205CB5E000F99E4B /* ViewController.swift */,
				315AE9D8205CB5E000F99E4B /* Main.storyboard */,
				31F4BD4F206640B200DFB0DD /* TrueLoveViewController.swift */,
				315AE9DB205CB5E000F99E4B /* Assets.xcassets */,
				315AE9DD205CB5E000F99E4B /* LaunchScreen.storyboard */,
				315AE9E0205CB5E000F99E4B /* Info.plist */,
			);
			path = xcodeapp02;
			sourceTree = "<group>";
		};
/* End PBXGroup section */

/* Begin PBXNativeTarget section */
		315AE9D0205CB5E000F99E4B /* xcodeapp02 */ = {
			isa = PBXNativeTarget;
			buildConfigurationList = 315AE9E3205CB5E000F99E4B /* Build configuration list for PBXNativeTarget "xcodeapp02" */;
			buildPhases = (
				315AE9CD205CB5E000F99E4B /* Sources */,
				315AE9CE205CB5E000F99E4B /* Frameworks */,
				315AE9CF205CB5E000F99E4B /* Resources */,
			);
			buildRules = (
			);
			dependencies = (
			);
			name = xcodeapp02;
			productName = xcodeapp02;
			productReference = 315AE9D1205CB5E000F99E4B /* xcodeapp02.app */;
			productType = "com.apple.product-type.application";
		};
/* End PBXNativeTarget section */

/* Begin PBXProject section */
		315AE9C9205CB5E000F99E4B /* Project object */ = {
			isa = PBXProject;
			attributes = {
				LastSwiftUpdateCheck = 0920;
				LastUpgradeCheck = 0920;
				ORGANIZATIONNAME = hung;
				TargetAttributes = {
					315AE9D0205CB5E000F99E4B = {
						CreatedOnToolsVersion = 9.2;
						ProvisioningStyle = Automatic;
					};
				};
			};
			buildConfigurationList = 315AE9CC205CB5E000F99E4B /* Build configuration list for PBXProject "xcodeapp02" */;
			compatibilityVersion = "Xcode 8.0";
			developmentRegion = en;
			hasScannedForEncodings = 0;
			knownRegions = (
				en,
				Base,
			);
			mainGroup = 315AE9C8205CB5E000F99E4B;
			productRefGroup = 315AE9D2205CB5E000F99E4B /* Products */;
			projectDirPath = "";
			projectRoot = "";
			targets = (
				315AE9D0205CB5E000F99E4B /* xcodeapp02 */,
			);
		};
/* End PBXProject section */

/* Begin PBXResourcesBuildPhase section */
		315AE9CF205CB5E000F99E4B /* Resources */ = {
			isa = PBXResourcesBuildPhase;
			buildActionMask = 2147483647;
			files = (
				315AE9DF205CB5E000F99E4B /* LaunchScreen.storyboard in Resources */,
				315AE9DC205CB5E000F99E4B /* Assets.xcassets in Resources */,
				315AE9DA205CB5E000F99E4B /* Main.storyboard in Resources */,
			);
			runOnlyForDeploymentPostprocessing = 0;
		};
/* End PBXResourcesBuildPhase section */

/* Begin PBXSourcesBuildPhase section */
		315AE9CD205CB5E000F99E4B /* Sources */ = {
			isa = PBXSourcesBuildPhase;
			buildActionMask = 2147483647;
			files = (
				315AE9D7205CB5E000F99E4B /* ViewController.swift in Sources */,
				315AE9D5205CB5E000F99E4B /* AppDelegate.swift in Sources */,
				31F4BD50206640B200DFB0DD /* TrueLoveViewController.swift in Sources */,
			);
			runOnlyForDeploymentPostprocessing = 0;
		};
/* End PBXSourcesBuildPhase section */

/* Begin PBXVariantGroup section */
		315AE9D8205CB5E000F99E4B /* Main.storyboard */ = {
			isa = PBXVariantGroup;
			children = (
				315AE9D9205CB5E000F99E4B /* Base */,
			);
			name = Main.storyboard;
			sourceTree = "<group>";
		};
		315AE9DD205CB5E000F99E4B /* LaunchScreen.storyboard */ = {
			isa = PBXVariantGroup;
			children = (
				315AE9DE205CB5E000F99E4B /* Base */,
			);
			name = LaunchScreen.storyboard;
			sourceTree = "<group>";
		};
/* End PBXVariantGroup section */

/* Begin XCBuildConfiguration section */
		315AE9E1205CB5E000F99E4B /* Debug */ = {
			isa = XCBuildConfiguration;
			buildSettings = {
				ALWAYS_SEARCH_USER_PATHS = NO;
				CLANG_ANALYZER_NONNULL = YES;
				CLANG_ANALYZER_NUMBER_OBJECT_CONVERSION = YES_AGGRESSIVE;
				CLANG_CXX_LANGUAGE_STANDARD = "gnu++14";
				CLANG_CXX_LIBRARY = "libc++";
				CLANG_ENABLE_MODULES = YES;
				CLANG_ENABLE_OBJC_ARC = YES;
				CLANG_WARN_BLOCK_CAPTURE_AUTORELEASING = YES;
				CLANG_WARN_BOOL_CONVERSION = YES;
				CLANG_WARN_COMMA = YES;
				CLANG_WARN_CONSTANT_CONVERSION = YES;
				CLANG_WARN_DIRECT_OBJC_ISA_USAGE = YES_ERROR;
				CLANG_WARN_DOCUMENTATION_COMMENTS = YES;
				CLANG_WARN_EMPTY_BODY = YES;
				CLANG_WARN_ENUM_CONVERSION = YES;
				CLANG_WARN_INFINITE_RECURSION = YES;
				CLANG_WARN_INT_CONVERSION = YES;
				CLANG_WARN_NON_LITERAL_NULL_CONVERSION = YES;
				CLANG_WARN_OBJC_LITERAL_CONVERSION = YES;
				CLANG_WARN_OBJC_ROOT_CLASS = YES_ERROR;
				CLANG_WARN_RANGE_LOOP_ANALYSIS = YES;
				CLANG_WARN_STRICT_PROTOTYPES = YES;
				CLANG_WARN_SUSPICIOUS_MOVE = YES;
				CLANG_WARN_UNGUARDED_AVAILABILITY = YES_AGGRESSIVE;
				CLANG_WARN_UNREACHABLE_CODE = YES;
				CLANG_WARN__DUPLICATE_METHOD_MATCH = YES;
				CODE_SIGN_IDENTITY = "iPhone Developer";
				COPY_PHASE_STRIP = NO;
				DEBUG_INFORMATION_FORMAT = dwarf;
				ENABLE_STRICT_OBJC_MSGSEND = YES;
				ENABLE_TESTABILITY = YES;
				GCC_C_LANGUAGE_STANDARD = gnu11;
				GCC_DYNAMIC_NO_PIC = NO;
				GCC_NO_COMMON_BLOCKS = YES;
				GCC_OPTIMIZATION_LEVEL = 0;
				GCC_PREPROCESSOR_DEFINITIONS = (
					"DEBUG=1",
					"$(inherited)",
				);
				GCC_WARN_64_TO_32_BIT_CONVERSION = YES;
				GCC_WARN_ABOUT_RETURN_TYPE = YES_ERROR;
				GCC_WARN_UNDECLARED_SELECTOR = YES;
				GCC_WARN_UNINITIALIZED_AUTOS = YES_AGGRESSIVE;
				GCC_WARN_UNUSED_FUNCTION = YES;
				GCC_WARN_UNUSED_VARIABLE = YES;
				IPHONEOS_DEPLOYMENT_TARGET = 11.2;
				MTL_ENABLE_DEBUG_INFO = YES;
				ONLY_ACTIVE_ARCH = YES;
				SDKROOT = iphoneos;
				SWIFT_ACTIVE_COMPILATION_CONDITIONS = DEBUG;
				SWIFT_OPTIMIZATION_LEVEL = "-Onone";
			};
			name = Debug;
		};
		315AE9E2205CB5E000F99E4B /* Release */ = {
			isa = XCBuildConfiguration;
			buildSettings = {
				ALWAYS_SEARCH_USER_PATHS = NO;
				CLANG_ANALYZER_NONNULL = YES;
				CLANG_ANALYZER_NUMBER_OBJECT_CONVERSION = YES_AGGRESSIVE;
				CLANG_CXX_LANGUAGE_STANDARD = "gnu++14";
				CLANG_CXX_LIBRARY = "libc++";
				CLANG_ENABLE_MODULES = YES;
				CLANG_ENABLE_OBJC_ARC = YES;
				CLANG_WARN_BLOCK_CAPTURE_AUTORELEASING = YES;
				CLANG_WARN_BOOL_CONVERSION = YES;
				CLANG_WARN_COMMA = YES;
				CLANG_WARN_CONSTANT_CONVERSION = YES;
				CLANG_WARN_DIRECT_OBJC_ISA_USAGE = YES_ERROR;
				CLANG_WARN_DOCUMENTATION_COMMENTS = YES;
				CLANG_WARN_EMPTY_BODY = YES;
				CLANG_WARN_ENUM_CONVERSION = YES;
				CLANG_WARN_INFINITE_RECURSION = YES;
				CLANG_WARN_INT_CONVERSION = YES;
				CLANG_WARN_NON_LITERAL_NULL_CONVERSION = YES;
				CLANG_WARN_OBJC_LITERAL_CONVERSION = YES;
				CLANG_WARN_OBJC_ROOT_CLASS = YES_ERROR;
				CLANG_WARN_RANGE_LOOP_ANALYSIS = YES;
				CLANG_WARN_STRICT_PROTOTYPES = YES;
				CLANG_WARN_SUSPICIOUS_MOVE = YES;
				CLANG_WARN_UNGUARDED_AVAILABILITY = YES_AGGRESSIVE;
				CLANG_WARN_UNREACHABLE_CODE = YES;
				CLANG_WARN__DUPLICATE_METHOD_MATCH = YES;
				CODE_SIGN_IDENTITY = "iPhone Developer";
				COPY_PHASE_STRIP = NO;
				DEBUG_INFORMATION_FORMAT = "dwarf-with-dsym";
				ENABLE_NS_ASSERTIONS = NO;
				ENABLE_STRICT_OBJC_MSGSEND = YES;
				GCC_C_LANGUAGE_STANDARD = gnu11;
				GCC_NO_COMMON_BLOCKS = YES;
				GCC_WARN_64_TO_32_BIT_CONVERSION = YES;
				GCC_WARN_ABOUT_RETURN_TYPE = YES_ERROR;
				GCC_WARN_UNDECLARED_SELECTOR = YES;
				GCC_WARN_UNINITIALIZED_AUTOS = YES_AGGRESSIVE;
				GCC_WARN_UNUSED_FUNCTION = YES;
				GCC_WARN_UNUSED_VARIABLE = YES;
				IPHONEOS_DEPLOYMENT_TARGET = 11.2;
				MTL_ENABLE_DEBUG_INFO = NO;
				SDKROOT = iphoneos;
				SWIFT_OPTIMIZATION_LEVEL = "-Owholemodule";
				VALIDATE_PRODUCT = YES;
			};
			name = Release;
		};
		315AE9E4205CB5E000F99E4B /* Debug */ = {
			isa = XCBuildConfiguration;
			buildSettings = {
				ASSETCATALOG_COMPILER_APPICON_NAME = AppIcon;
				CODE_SIGN_STYLE = Automatic;
				INFOPLIST_FILE = xcodeapp02/Info.plist;
				LD_RUNPATH_SEARCH_PATHS = "$(inherited) @executable_path/Frameworks";
				PRODUCT_BUNDLE_IDENTIFIER = com.borg.xcodeapp02;
				PRODUCT_NAME = "$(TARGET_NAME)";
				SWIFT_VERSION = 4.0;
				TARGETED_DEVICE_FAMILY = 1;
			};
			name = Debug;
		};
		315AE9E5205CB5E000F99E4B /* Release */ = {
			isa = XCBuildConfiguration;
			buildSettings = {
				ASSETCATALOG_COMPILER_APPICON_NAME = AppIcon;
				CODE_SIGN_STYLE = Automatic;
				INFOPLIST_FILE = xcodeapp02/Info.plist;
				LD_RUNPATH_SEARCH_PATHS = "$(inherited) @executable_path/Frameworks";
				PRODUCT_BUNDLE_IDENTIFIER = com.borg.xcodeapp02;
				PRODUCT_NAME = "$(TARGET_NAME)";
				SWIFT_VERSION = 4.0;
				TARGETED_DEVICE_FAMILY = 1;
			};
			name = Release;
		};
/* End XCBuildConfiguration section */

/* Begin XCConfigurationList section */
		315AE9CC205CB5E000F99E4B /* Build configuration list for PBXProject "xcodeapp02" */ = {
			isa = XCConfigurationList;
			buildConfigurations = (
				315AE9E1205CB5E000F99E4B /* Debug */,
				315AE9E2205CB5E000F99E4B /* Release */,
			);
			defaultConfigurationIsVisible = 0;
			defaultConfigurationName = Release;
		};
		315AE9E3205CB5E000F99E4B /* Build configuration list for PBXNativeTarget "xcodeapp02" */ = {
			isa = XCConfigurationList;
			buildConfigurations = (
				315AE9E4205CB5E000F99E4B /* Debug */,
				315AE9E5205CB5E000F99E4B /* Release */,
			);
			defaultConfigurationIsVisible = 0;
			defaultConfigurationName = Release;
		};
/* End XCConfigurationList section */
	};
	rootObject = 315AE9C9205CB5E000F99E4B /* Project object */;
}
